
Microsoft Visual Studio Solution File, Format Version 12.00
# Visual Studio 15
VisualStudioVersion = 15.0.26730.12
MinimumVisualStudioVersion = 10.0.40219.1
Project("{E24C65DC-7377-472B-9ABA-BC803B73C61A}") = "VendorManagment", "..\..\..\..\..\..\Deals2Party2\VendorManagment\", "{6A99942A-22C1-4F87-9B99-8EC3AB600875}"
	ProjectSection(WebsiteProperties) = preProject
		TargetFrameworkMoniker = ".NETFramework,Version%3Dv4.6.1"
		Debug.AspNetCompiler.VirtualPath = "/localhost_9498"
		Debug.AspNetCompiler.PhysicalPath = "..\..\..\..\..\..\Deals2Party2\VendorManagment\"
		Debug.AspNetCompiler.TargetPath = "PrecompiledWeb\localhost_9498\"
		Debug.AspNetCompiler.Updateable = "true"
		Debug.AspNetCompiler.ForceOverwrite = "true"
		Debug.AspNetCompiler.FixedNames = "false"
		Debug.AspNetCompiler.Debug = "True"
		Release.AspNetCompiler.VirtualPath = "/localhost_9498"
		Release.AspNetCompiler.PhysicalPath = "..\..\..\..\..\..\Deals2Party2\VendorManagment\"
		Release.AspNetCompiler.TargetPath = "PrecompiledWeb\localhost_9498\"
		Release.AspNetCompiler.Updateable = "true"
		Release.AspNetCompiler.ForceOverwrite = "true"
		Release.AspNetCompiler.FixedNames = "false"
		Release.AspNetCompiler.Debug = "False"
		VWDPort = "9498"
		SlnRelativePath = "..\..\..\..\..\..\Deals2Party2\VendorManagment\"
		DefaultWebSiteLanguage = "Visual C#"
	EndProjectSection
EndProject
Global
	GlobalSection(SolutionConfigurationPlatforms) = preSolution
		Debug|Any CPU = Debug|Any CPU
	EndGlobalSection
	GlobalSection(ProjectConfigurationPlatforms) = postSolution
		{6A99942A-22C1-4F87-9B99-8EC3AB600875}.Debug|Any CPU.ActiveCfg = Debug|Any CPU
		{6A99942A-22C1-4F87-9B99-8EC3AB600875}.Debug|Any CPU.Build.0 = Debug|Any CPU
	EndGlobalSection
	GlobalSection(SolutionProperties) = preSolution
		HideSolutionNode = FALSE
	EndGlobalSection
	GlobalSection(ExtensibilityGlobals) = postSolution
		SolutionGuid = {648D4552-22FF-4559-859E-3E68BB8F6097}
	EndGlobalSection
EndGlobal
